<?xml version="1.0" encoding="utf-8"?>
<Project ToolsVersion="4.0" xmlns="http://schemas.microsoft.com/developer/msbuild/2003">
  <ItemGroup>
    <Filter Include="lime">
      <UniqueIdentifier>{5a00ea47-c5a6-4ced-80c6-7d12682a2ded}</UniqueIdentifier>
    </Filter>
    <Filter Include="lime\base">
      <UniqueIdentifier>{28c1ab48-2c04-4fa6-af1c-9fef948ee815}</UniqueIdentifier>
    </Filter>
    <Filter Include="server">
      <UniqueIdentifier>{6180fb2b-347f-4e08-b2d3-0ea79e00f3e7}</UniqueIdentifier>
    </Filter>
  </ItemGroup>
  <ItemGroup>
    <ClCompile Include="..\..\Source\Cxx\server\server.cpp">
      <Filter>server</Filter>
    </ClCompile>
  </ItemGroup>
  <ItemGroup>
    <ClInclude Include="..\..\Source\Cxx\lime\base\process.hpp">
      <Filter>lime\base</Filter>
    </ClInclude>
    <ClInclude Include="..\..\Source\Cxx\lime\base\singleton.hpp">
      <Filter>lime\base</Filter>
    </ClInclude>
  </ItemGroup>
</Project>