<?xml version="1.0" encoding="utf-8"?>
<Project ToolsVersion="4.0" xmlns="http://schemas.microsoft.com/developer/msbuild/2003">
  <ItemGroup>
    <Filter Include="Cxx">
      <UniqueIdentifier>{a60db1f7-d816-442e-92f5-a90970a83f77}</UniqueIdentifier>
    </Filter>
    <Filter Include="Cxx\Server">
      <UniqueIdentifier>{875f8fec-90e1-4c17-856a-4b4eb7369a5e}</UniqueIdentifier>
    </Filter>
    <Filter Include="Cxx\Service">
      <UniqueIdentifier>{ba2223f2-b659-472c-9450-f3151fdd223d}</UniqueIdentifier>
    </Filter>
    <Filter Include="Cxx\Base">
      <UniqueIdentifier>{81121fad-fd56-4082-96cc-510f6c28ac40}</UniqueIdentifier>
    </Filter>
    <Filter Include="Cxx\Intf">
      <UniqueIdentifier>{32d7bda4-eb67-4dc4-b28f-3be287ae5bd6}</UniqueIdentifier>
    </Filter>
    <Filter Include="Cxx\Libs">
      <UniqueIdentifier>{62be1c0c-3af8-4dad-87f1-76ce93102a52}</UniqueIdentifier>
    </Filter>
    <Filter Include="Cxx\Win32-src">
      <UniqueIdentifier>{58fe8586-de87-46e9-baf2-5473e4054252}</UniqueIdentifier>
    </Filter>
    <Filter Include="Cxx\Win32-src\hiredis">
      <UniqueIdentifier>{191e85af-dc3b-4620-9304-9d7558ab357d}</UniqueIdentifier>
    </Filter>
    <Filter Include="Cxx\Win32-src\hiredis\adapters">
      <UniqueIdentifier>{67e61a46-39e3-4ada-b53a-878faa08b6b7}</UniqueIdentifier>
    </Filter>
    <Filter Include="Cxx\Libs\lrapidjson">
      <UniqueIdentifier>{59109314-d3c7-4266-a964-11eb02c19f51}</UniqueIdentifier>
    </Filter>
    <Filter Include="Cxx\Libs\tolua">
      <UniqueIdentifier>{f8698c93-05c6-4a01-9823-00fe15bdff88}</UniqueIdentifier>
    </Filter>
    <Filter Include="Cxx\Libs\pbc">
      <UniqueIdentifier>{c9225070-4d49-49f6-b871-f1dc12964f3a}</UniqueIdentifier>
    </Filter>
  </ItemGroup>
  <ItemGroup>
    <ClInclude Include="..\..\Source\Cxx\Service\DispatcherService.hpp">
      <Filter>Cxx\Service</Filter>
    </ClInclude>
    <ClInclude Include="..\..\Source\Cxx\Service\LoggerService.hpp">
      <Filter>Cxx\Service</Filter>
    </ClInclude>
    <ClInclude Include="..\..\Source\Cxx\Service\MainService.hpp">
      <Filter>Cxx\Service</Filter>
    </ClInclude>
    <ClInclude Include="..\..\Source\Cxx\Service\ManagerClientService.hpp">
      <Filter>Cxx\Service</Filter>
    </ClInclude>
    <ClInclude Include="..\..\Source\Cxx\Service\ManagerService.hpp">
      <Filter>Cxx\Service</Filter>
    </ClInclude>
    <ClInclude Include="..\..\Source\Cxx\Service\ServiceHeaders.hpp">
      <Filter>Cxx\Service</Filter>
    </ClInclude>
    <ClInclude Include="..\..\Source\Cxx\Base\Packet.h">
      <Filter>Cxx\Base</Filter>
    </ClInclude>
    <ClInclude Include="..\..\Source\Cxx\Base\Loop.h">
      <Filter>Cxx\Base</Filter>
    </ClInclude>
    <ClInclude Include="..\..\Source\Cxx\Base\Logger.h">
      <Filter>Cxx\Base</Filter>
    </ClInclude>
    <ClInclude Include="..\..\Source\Cxx\Base\LuaState.h">
      <Filter>Cxx\Base</Filter>
    </ClInclude>
    <ClInclude Include="..\..\Source\Cxx\Base\BaseHeaders.h">
      <Filter>Cxx\Base</Filter>
    </ClInclude>
    <ClInclude Include="..\..\Source\Cxx\Base\Config.h">
      <Filter>Cxx\Base</Filter>
    </ClInclude>
    <ClInclude Include="..\..\Source\Cxx\Base\Mysql.h">
      <Filter>Cxx\Base</Filter>
    </ClInclude>
    <ClInclude Include="..\..\Source\Cxx\Base\Process.h">
      <Filter>Cxx\Base</Filter>
    </ClInclude>
    <ClInclude Include="..\..\Source\Cxx\Base\Redis.h">
      <Filter>Cxx\Base</Filter>
    </ClInclude>
    <ClInclude Include="..\..\Source\Cxx\Base\Resource.h">
      <Filter>Cxx\Base</Filter>
    </ClInclude>
    <ClInclude Include="..\..\Source\Cxx\Base\Service.h">
      <Filter>Cxx\Base</Filter>
    </ClInclude>
    <ClInclude Include="..\..\Source\Cxx\Base\Session.h">
      <Filter>Cxx\Base</Filter>
    </ClInclude>
    <ClInclude Include="..\..\Source\Cxx\Base\Singleton.h">
      <Filter>Cxx\Base</Filter>
    </ClInclude>
    <ClInclude Include="..\..\Source\Cxx\Service\CacheIntegratedService.hpp">
      <Filter>Cxx\Service</Filter>
    </ClInclude>
    <ClInclude Include="..\..\Source\Cxx\Service\DatabaseIntegratedService.hpp">
      <Filter>Cxx\Service</Filter>
    </ClInclude>
    <ClInclude Include="..\src\hiredis\async.h">
      <Filter>Cxx\Win32-src\hiredis</Filter>
    </ClInclude>
    <ClInclude Include="..\src\hiredis\dict.h">
      <Filter>Cxx\Win32-src\hiredis</Filter>
    </ClInclude>
    <ClInclude Include="..\src\hiredis\fmacros.h">
      <Filter>Cxx\Win32-src\hiredis</Filter>
    </ClInclude>
    <ClInclude Include="..\src\hiredis\hiredis.h">
      <Filter>Cxx\Win32-src\hiredis</Filter>
    </ClInclude>
    <ClInclude Include="..\src\hiredis\net.h">
      <Filter>Cxx\Win32-src\hiredis</Filter>
    </ClInclude>
    <ClInclude Include="..\src\hiredis\read.h">
      <Filter>Cxx\Win32-src\hiredis</Filter>
    </ClInclude>
    <ClInclude Include="..\src\hiredis\resource.h">
      <Filter>Cxx\Win32-src\hiredis</Filter>
    </ClInclude>
    <ClInclude Include="..\src\hiredis\sds.h">
      <Filter>Cxx\Win32-src\hiredis</Filter>
    </ClInclude>
    <ClInclude Include="..\src\hiredis\win32.h">
      <Filter>Cxx\Win32-src\hiredis</Filter>
    </ClInclude>
    <ClInclude Include="..\src\hiredis\adapters\ae.h">
      <Filter>Cxx\Win32-src\hiredis\adapters</Filter>
    </ClInclude>
    <ClInclude Include="..\src\hiredis\adapters\glib.h">
      <Filter>Cxx\Win32-src\hiredis\adapters</Filter>
    </ClInclude>
    <ClInclude Include="..\src\hiredis\adapters\ivykis.h">
      <Filter>Cxx\Win32-src\hiredis\adapters</Filter>
    </ClInclude>
    <ClInclude Include="..\src\hiredis\adapters\libev.h">
      <Filter>Cxx\Win32-src\hiredis\adapters</Filter>
    </ClInclude>
    <ClInclude Include="..\src\hiredis\adapters\libevent.h">
      <Filter>Cxx\Win32-src\hiredis\adapters</Filter>
    </ClInclude>
    <ClInclude Include="..\src\hiredis\adapters\libuv.h">
      <Filter>Cxx\Win32-src\hiredis\adapters</Filter>
    </ClInclude>
    <ClInclude Include="..\src\hiredis\adapters\libuv.hpp">
      <Filter>Cxx\Win32-src\hiredis\adapters</Filter>
    </ClInclude>
    <ClInclude Include="..\src\hiredis\adapters\macosx.h">
      <Filter>Cxx\Win32-src\hiredis\adapters</Filter>
    </ClInclude>
    <ClInclude Include="..\src\hiredis\adapters\qt.h">
      <Filter>Cxx\Win32-src\hiredis\adapters</Filter>
    </ClInclude>
    <ClInclude Include="..\..\Source\Cxx\Libs\lrapidjson\file.hpp">
      <Filter>Cxx\Libs\lrapidjson</Filter>
    </ClInclude>
    <ClInclude Include="..\..\Source\Cxx\Libs\lrapidjson\lua.hpp">
      <Filter>Cxx\Libs\lrapidjson</Filter>
    </ClInclude>
    <ClInclude Include="..\..\Source\Cxx\Libs\lrapidjson\luax.hpp">
      <Filter>Cxx\Libs\lrapidjson</Filter>
    </ClInclude>
    <ClInclude Include="..\..\Source\Cxx\Libs\lrapidjson\Userdata.hpp">
      <Filter>Cxx\Libs\lrapidjson</Filter>
    </ClInclude>
    <ClInclude Include="..\..\Source\Cxx\Libs\lrapidjson\values.hpp">
      <Filter>Cxx\Libs\lrapidjson</Filter>
    </ClInclude>
    <ClInclude Include="..\..\Source\Cxx\Libs\tolua\tolua_event.h">
      <Filter>Cxx\Libs\tolua</Filter>
    </ClInclude>
    <ClInclude Include="..\..\Source\Cxx\Libs\tolua\tolua_fix.h">
      <Filter>Cxx\Libs\tolua</Filter>
    </ClInclude>
    <ClInclude Include="..\..\Source\Cxx\Libs\tolua\tolua++.h">
      <Filter>Cxx\Libs\tolua</Filter>
    </ClInclude>
    <ClInclude Include="..\..\Source\Cxx\Libs\pbc\pbc.h">
      <Filter>Cxx\Libs\pbc</Filter>
    </ClInclude>
    <ClInclude Include="..\..\Source\Cxx\Libs\pbc\src\alloc.h">
      <Filter>Cxx\Libs\pbc</Filter>
    </ClInclude>
    <ClInclude Include="..\..\Source\Cxx\Libs\pbc\src\array.h">
      <Filter>Cxx\Libs\pbc</Filter>
    </ClInclude>
    <ClInclude Include="..\..\Source\Cxx\Libs\pbc\src\bootstrap.h">
      <Filter>Cxx\Libs\pbc</Filter>
    </ClInclude>
    <ClInclude Include="..\..\Source\Cxx\Libs\pbc\src\context.h">
      <Filter>Cxx\Libs\pbc</Filter>
    </ClInclude>
    <ClInclude Include="..\..\Source\Cxx\Libs\pbc\src\descriptor.pbc.h">
      <Filter>Cxx\Libs\pbc</Filter>
    </ClInclude>
    <ClInclude Include="..\..\Source\Cxx\Libs\pbc\src\map.h">
      <Filter>Cxx\Libs\pbc</Filter>
    </ClInclude>
    <ClInclude Include="..\..\Source\Cxx\Libs\pbc\src\pattern.h">
      <Filter>Cxx\Libs\pbc</Filter>
    </ClInclude>
    <ClInclude Include="..\..\Source\Cxx\Libs\pbc\src\proto.h">
      <Filter>Cxx\Libs\pbc</Filter>
    </ClInclude>
    <ClInclude Include="..\..\Source\Cxx\Libs\pbc\src\stringpool.h">
      <Filter>Cxx\Libs\pbc</Filter>
    </ClInclude>
    <ClInclude Include="..\..\Source\Cxx\Libs\pbc\src\varint.h">
      <Filter>Cxx\Libs\pbc</Filter>
    </ClInclude>
    <ClInclude Include="..\..\Source\Cxx\Service\BackstageService.hpp">
      <Filter>Cxx\Service</Filter>
    </ClInclude>
    <ClInclude Include="..\..\Source\Cxx\Base\TCPConnection.h">
      <Filter>Cxx\Base</Filter>
    </ClInclude>
    <ClInclude Include="..\..\Source\Cxx\Base\TCPServer.h">
      <Filter>Cxx\Base</Filter>
    </ClInclude>
    <ClInclude Include="..\..\Source\Cxx\Base\ZeroMessageQueue.h">
      <Filter>Cxx\Base</Filter>
    </ClInclude>
    <ClInclude Include="..\..\Source\Cxx\Base\Macro.h">
      <Filter>Cxx\Base</Filter>
    </ClInclude>
    <ClInclude Include="..\..\Source\Cxx\Base\Pool.h">
      <Filter>Cxx\Base</Filter>
    </ClInclude>
  </ItemGroup>
  <ItemGroup>
    <ClCompile Include="..\..\Source\Cxx\Intf\DispatcherServiceIntf.cpp">
      <Filter>Cxx\Intf</Filter>
    </ClCompile>
    <ClCompile Include="..\..\Source\Cxx\Intf\LoggerServiceIntf.cpp">
      <Filter>Cxx\Intf</Filter>
    </ClCompile>
    <ClCompile Include="..\..\Source\Cxx\Intf\ManagerClientServiceIntf.cpp">
      <Filter>Cxx\Intf</Filter>
    </ClCompile>
    <ClCompile Include="..\..\Source\Cxx\Intf\ManagerServiceIntf.cpp">
      <Filter>Cxx\Intf</Filter>
    </ClCompile>
    <ClCompile Include="..\..\Source\Cxx\Server\Server.cpp">
      <Filter>Cxx\Server</Filter>
    </ClCompile>
    <ClCompile Include="..\..\Source\Cxx\Base\Packet.cpp">
      <Filter>Cxx\Base</Filter>
    </ClCompile>
    <ClCompile Include="..\..\Source\Cxx\Base\Loop.cpp">
      <Filter>Cxx\Base</Filter>
    </ClCompile>
    <ClCompile Include="..\..\Source\Cxx\Base\Logger.cpp">
      <Filter>Cxx\Base</Filter>
    </ClCompile>
    <ClCompile Include="..\..\Source\Cxx\Base\LuaState.cpp">
      <Filter>Cxx\Base</Filter>
    </ClCompile>
    <ClCompile Include="..\..\Source\Cxx\Base\Config.cpp">
      <Filter>Cxx\Base</Filter>
    </ClCompile>
    <ClCompile Include="..\..\Source\Cxx\Base\Mysql.cpp">
      <Filter>Cxx\Base</Filter>
    </ClCompile>
    <ClCompile Include="..\..\Source\Cxx\Base\Redis.cpp">
      <Filter>Cxx\Base</Filter>
    </ClCompile>
    <ClCompile Include="..\..\Source\Cxx\Base\Session.cpp">
      <Filter>Cxx\Base</Filter>
    </ClCompile>
    <ClCompile Include="..\..\Source\Cxx\Intf\CacheIntegratedServiceIntf.cpp">
      <Filter>Cxx\Intf</Filter>
    </ClCompile>
    <ClCompile Include="..\..\Source\Cxx\Intf\DatabaseIntegratedServiceIntf.cpp">
      <Filter>Cxx\Intf</Filter>
    </ClCompile>
    <ClCompile Include="..\src\hiredis\async.c">
      <Filter>Cxx\Win32-src\hiredis</Filter>
    </ClCompile>
    <ClCompile Include="..\src\hiredis\dict.c">
      <Filter>Cxx\Win32-src\hiredis</Filter>
    </ClCompile>
    <ClCompile Include="..\src\hiredis\hiredis.c">
      <Filter>Cxx\Win32-src\hiredis</Filter>
    </ClCompile>
    <ClCompile Include="..\src\hiredis\net.c">
      <Filter>Cxx\Win32-src\hiredis</Filter>
    </ClCompile>
    <ClCompile Include="..\src\hiredis\read.c">
      <Filter>Cxx\Win32-src\hiredis</Filter>
    </ClCompile>
    <ClCompile Include="..\src\hiredis\sds.c">
      <Filter>Cxx\Win32-src\hiredis</Filter>
    </ClCompile>
    <ClCompile Include="..\..\Source\Cxx\Libs\lsystem.cpp">
      <Filter>Cxx\Libs</Filter>
    </ClCompile>
    <ClCompile Include="..\..\Source\Cxx\Libs\lrapidjson\Document.cpp">
      <Filter>Cxx\Libs\lrapidjson</Filter>
    </ClCompile>
    <ClCompile Include="..\..\Source\Cxx\Libs\lrapidjson\rapidjson.cpp">
      <Filter>Cxx\Libs\lrapidjson</Filter>
    </ClCompile>
    <ClCompile Include="..\..\Source\Cxx\Libs\lrapidjson\Schema.cpp">
      <Filter>Cxx\Libs\lrapidjson</Filter>
    </ClCompile>
    <ClCompile Include="..\..\Source\Cxx\Libs\lrapidjson\values.cpp">
      <Filter>Cxx\Libs\lrapidjson</Filter>
    </ClCompile>
    <ClCompile Include="..\..\Source\Cxx\Libs\tolua\tolua_event.c">
      <Filter>Cxx\Libs\tolua</Filter>
    </ClCompile>
    <ClCompile Include="..\..\Source\Cxx\Libs\tolua\tolua_fix.c">
      <Filter>Cxx\Libs\tolua</Filter>
    </ClCompile>
    <ClCompile Include="..\..\Source\Cxx\Libs\tolua\tolua_is.c">
      <Filter>Cxx\Libs\tolua</Filter>
    </ClCompile>
    <ClCompile Include="..\..\Source\Cxx\Libs\tolua\tolua_map.c">
      <Filter>Cxx\Libs\tolua</Filter>
    </ClCompile>
    <ClCompile Include="..\..\Source\Cxx\Libs\tolua\tolua_push.c">
      <Filter>Cxx\Libs\tolua</Filter>
    </ClCompile>
    <ClCompile Include="..\..\Source\Cxx\Libs\tolua\tolua_to.c">
      <Filter>Cxx\Libs\tolua</Filter>
    </ClCompile>
    <ClCompile Include="..\..\Source\Cxx\Libs\pbc\src\alloc.c">
      <Filter>Cxx\Libs\pbc</Filter>
    </ClCompile>
    <ClCompile Include="..\..\Source\Cxx\Libs\pbc\src\array.c">
      <Filter>Cxx\Libs\pbc</Filter>
    </ClCompile>
    <ClCompile Include="..\..\Source\Cxx\Libs\pbc\src\bootstrap.c">
      <Filter>Cxx\Libs\pbc</Filter>
    </ClCompile>
    <ClCompile Include="..\..\Source\Cxx\Libs\pbc\src\context.c">
      <Filter>Cxx\Libs\pbc</Filter>
    </ClCompile>
    <ClCompile Include="..\..\Source\Cxx\Libs\pbc\src\decode.c">
      <Filter>Cxx\Libs\pbc</Filter>
    </ClCompile>
    <ClCompile Include="..\..\Source\Cxx\Libs\pbc\src\map.c">
      <Filter>Cxx\Libs\pbc</Filter>
    </ClCompile>
    <ClCompile Include="..\..\Source\Cxx\Libs\pbc\src\pattern.c">
      <Filter>Cxx\Libs\pbc</Filter>
    </ClCompile>
    <ClCompile Include="..\..\Source\Cxx\Libs\pbc\src\proto.c">
      <Filter>Cxx\Libs\pbc</Filter>
    </ClCompile>
    <ClCompile Include="..\..\Source\Cxx\Libs\pbc\src\register.c">
      <Filter>Cxx\Libs\pbc</Filter>
    </ClCompile>
    <ClCompile Include="..\..\Source\Cxx\Libs\pbc\src\rmessage.c">
      <Filter>Cxx\Libs\pbc</Filter>
    </ClCompile>
    <ClCompile Include="..\..\Source\Cxx\Libs\pbc\src\stringpool.c">
      <Filter>Cxx\Libs\pbc</Filter>
    </ClCompile>
    <ClCompile Include="..\..\Source\Cxx\Libs\pbc\src\varint.c">
      <Filter>Cxx\Libs\pbc</Filter>
    </ClCompile>
    <ClCompile Include="..\..\Source\Cxx\Libs\pbc\src\wmessage.c">
      <Filter>Cxx\Libs\pbc</Filter>
    </ClCompile>
    <ClCompile Include="..\..\Source\Cxx\Libs\pbc\binding\lua\pbc-lua.c">
      <Filter>Cxx\Libs\pbc</Filter>
    </ClCompile>
    <ClCompile Include="..\..\Source\Cxx\Libs\lspecialbase64.c">
      <Filter>Cxx\Libs</Filter>
    </ClCompile>
    <ClCompile Include="..\..\Source\Cxx\Libs\pb.c">
      <Filter>Cxx\Libs</Filter>
    </ClCompile>
    <ClCompile Include="..\..\Source\Cxx\Intf\BackstageServiceIntf.cpp">
      <Filter>Cxx\Intf</Filter>
    </ClCompile>
    <ClCompile Include="..\..\Source\Cxx\Base\TCPConnection.cpp">
      <Filter>Cxx\Base</Filter>
    </ClCompile>
    <ClCompile Include="..\..\Source\Cxx\Base\TCPServer.cpp">
      <Filter>Cxx\Base</Filter>
    </ClCompile>
    <ClCompile Include="..\..\Source\Cxx\Base\ZeroMessageQueue.cpp">
      <Filter>Cxx\Base</Filter>
    </ClCompile>
    <ClCompile Include="..\..\Source\Cxx\Base\Process.cpp">
      <Filter>Cxx\Base</Filter>
    </ClCompile>
  </ItemGroup>
</Project>